
Microsoft Visual Studio Solution File, Format Version 12.00
# Visual Studio 15
VisualStudioVersion = 15.0.27703.2035
MinimumVisualStudioVersion = 10.0.40219.1
Project("{888888A0-9F3D-457C-B088-3A5042F75D52}") = "duckhunt-master", "duckhunt-master.pyproj", "{B758C3F4-C74A-4957-A595-DED791856B5E}"
EndProject
Global
	GlobalSection(SolutionConfigurationPlatforms) = preSolution
		Debug|Any CPU = Debug|Any CPU
		Release|Any CPU = Release|Any CPU
	EndGlobalSection
	GlobalSection(ProjectConfigurationPlatforms) = postSolution
		{B758C3F4-C74A-4957-A595-DED791856B5E}.Debug|Any CPU.ActiveCfg = Debug|Any CPU
		{B758C3F4-C74A-4957-A595-DED791856B5E}.Release|Any CPU.ActiveCfg = Release|Any CPU
	EndGlobalSection
	GlobalSection(SolutionProperties) = preSolution
		HideSolutionNode = FALSE
	EndGlobalSection
	GlobalSection(ExtensibilityGlobals) = postSolution
		SolutionGuid = {1BC282E3-0ACC-4A93-A9D1-5E5DD5DEAA74}
	EndGlobalSection
EndGlobal
